// !$*UTF8*$!
{
	archiveVersion = 1;
	classes = {
	};
	objectVersion = 46;
	objects = {

/* Begin PBXBuildFile section */
		62AEAAEC1D9C5752009382C7 /* AppDelegate.swift in Sources */ = {isa = PBXBuildFile; fileRef = 62AEAAEB1D9C5752009382C7 /* AppDelegate.swift */; };
		62AEAAF11D9C5752009382C7 /* Main.storyboard in Resources */ = {isa = PBXBuildFile; fileRef = 62AEAAEF1D9C5752009382C7 /* Main.storyboard */; };
		62AEAAF31D9C5752009382C7 /* Assets.xcassets in Resources */ = {isa = PBXBuildFile; fileRef = 62AEAAF21D9C5752009382C7 /* Assets.xcassets */; };
		62AEAAF61D9C5752009382C7 /* LaunchScreen.storyboard in Resources */ = {isa = PBXBuildFile; fileRef = 62AEAAF41D9C5752009382C7 /* LaunchScreen.storyboard */; };
		62AEAAFE1D9C5844009382C7 /* BatteryViewController.swift in Sources */ = {isa = PBXBuildFile; fileRef = 62AEAAFD1D9C5844009382C7 /* BatteryViewController.swift */; };
		62AEAB001D9C611D009382C7 /* SpeedViewController.swift in Sources */ = {isa = PBXBuildFile; fileRef = 62AEAAFF1D9C611D009382C7 /* SpeedViewController.swift */; };
/* End PBXBuildFile section */

/* Begin PBXFileReference section */
		62AEAAE81D9C5752009382C7 /* Sensors.app */ = {isa = PBXFileReference; explicitFileType = wrapper.application; includeInIndex = 0; path = Sensors.app; sourceTree = BUILT_PRODUCTS_DIR; };
		62AEAAEB1D9C5752009382C7 /* AppDelegate.swift */ = {isa = PBXFileReference; lastKnownFileType = sourcecode.swift; path = AppDelegate.swift; sourceTree = "<group>"; };
		62AEAAF01D9C5752009382C7 /* Base */ = {isa = PBXFileReference; lastKnownFileType = file.storyboard; name = Base; path = Base.lproj/Main.storyboard; sourceTree = "<group>"; };
		62AEAAF21D9C5752009382C7 /* Assets.xcassets */ = {isa = PBXFileReference; lastKnownFileType = folder.assetcatalog; path = Assets.xcassets; sourceTree = "<group>"; };
		62AEAAF51D9C5752009382C7 /* Base */ = {isa = PBXFileReference; lastKnownFileType = file.storyboard; name = Base; path = Base.lproj/LaunchScreen.storyboard; sourceTree = "<group>"; };
		62AEAAF71D9C5752009382C7 /* Info.plist */ = {isa = PBXFileReference; lastKnownFileType = text.plist.xml; path = Info.plist; sourceTree = "<group>"; };
		62AEAAFD1D9C5844009382C7 /* BatteryViewController.swift */ = {isa = PBXFileReference; fileEncoding = 4; lastKnownFileType = sourcecode.swift; path = BatteryViewController.swift; sourceTree = "<group>"; };
		62AEAAFF1D9C611D009382C7 /* SpeedViewController.swift */ = {isa = PBXFileReference; fileEncoding = 4; lastKnownFileType = sourcecode.swift; path = SpeedViewController.swift; sourceTree = "<group>"; };
/* End PBXFileReference section */

/* Begin PBXFrameworksBuildPhase section */
		62AEAAE51D9C5752009382C7 /* Frameworks */ = {
			isa = PBXFrameworksBuildPhase;
			buildActionMask = 2147483647;
			files = (
			);
			runOnlyForDeploymentPostprocessing = 0;
		};
/* End PBXFrameworksBuildPhase section */

/* Begin PBXGroup section */
		62AEAADF1D9C5752009382C7 = {
			isa = PBXGroup;
			children = (
				62AEAAEA1D9C5752009382C7 /* Sensors */,
				62AEAAE91D9C5752009382C7 /* Products */,
			);
			sourceTree = "<group>";
		};
		62AEAAE91D9C5752009382C7 /* Products */ = {
			isa = PBXGroup;
			children = (
				62AEAAE81D9C5752009382C7 /* Sensors.app */,
			);
			name = Products;
			sourceTree = "<group>";
		};
		62AEAAEA1D9C5752009382C7 /* Sensors */ = {
			isa = PBXGroup;
			children = (
				62AEAAEB1D9C5752009382C7 /* AppDelegate.swift */,
				62AEAAEF1D9C5752009382C7 /* Main.storyboard */,
				62AEAAF21D9C5752009382C7 /* Assets.xcassets */,
				62AEAAF41D9C5752009382C7 /* LaunchScreen.storyboard */,
				62AEAAF71D9C5752009382C7 /* Info.plist */,
				62AEAAFD1D9C5844009382C7 /* BatteryViewController.swift */,
				62AEAAFF1D9C611D009382C7 /* SpeedViewController.swift */,
			);
			path = Sensors;
			sourceTree = "<group>";
		};
/* End PBXGroup section */

/* Begin PBXNativeTarget section */
		62AEAAE71D9C5752009382C7 /* Sensors */ = {
			isa = PBXNativeTarget;
			buildConfigurationList = 62AEAAFA1D9C5752009382C7 /* Build configuration list for PBXNativeTarget "Sensors" */;
			buildPhases = (
				62AEAAE41D9C5752009382C7 /* Sources */,
				62AEAAE51D9C5752009382C7 /* Frameworks */,
				62AEAAE61D9C5752009382C7 /* Resources */,
			);
			buildRules = (
			);
			dependencies = (
			);
			name = Sensors;
			productName = Sensors;
			productReference = 62AEAAE81D9C5752009382C7 /* Sensors.app */;
			productType = "com.apple.product-type.application";
		};
/* End PBXNativeTarget section */

/* Begin PBXProject section */
		62AEAAE01D9C5752009382C7 /* Project object */ = {
			isa = PBXProject;
			attributes = {
				LastSwiftUpdateCheck = 0800;
				LastUpgradeCheck = 0800;
				ORGANIZATIONNAME = net.insoc;
				TargetAttributes = {
					62AEAAE71D9C5752009382C7 = {
						CreatedOnToolsVersion = 8.0;
						DevelopmentTeam = AAA873G97B;
						ProvisioningStyle = Automatic;
					};
				};
			};
			buildConfigurationList = 62AEAAE31D9C5752009382C7 /* Build configuration list for PBXProject "Sensors" */;
			compatibilityVersion = "Xcode 3.2";
			developmentRegion = English;
			hasScannedForEncodings = 0;
			knownRegions = (
				en,
				Base,
			);
			mainGroup = 62AEAADF1D9C5752009382C7;
			productRefGroup = 62AEAAE91D9C5752009382C7 /* Products */;
			projectDirPath = "";
			projectRoot = "";
			targets = (
				62AEAAE71D9C5752009382C7 /* Sensors */,
			);
		};
/* End PBXProject section */

/* Begin PBXResourcesBuildPhase section */
		62AEAAE61D9C5752009382C7 /* Resources */ = {
			isa = PBXResourcesBuildPhase;
			buildActionMask = 2147483647;
			files = (
				62AEAAF61D9C5752009382C7 /* LaunchScreen.storyboard in Resources */,
				62AEAAF31D9C5752009382C7 /* Assets.xcassets in Resources */,
				62AEAAF11D9C5752009382C7 /* Main.storyboard in Resources */,
			);
			runOnlyForDeploymentPostprocessing = 0;
		};
/* End PBXResourcesBuildPhase section */

/* Begin PBXSourcesBuildPhase section */
		62AEAAE41D9C5752009382C7 /* Sources */ = {
			isa = PBXSourcesBuildPhase;
			buildActionMask = 2147483647;
			files = (
				62AEAB001D9C611D009382C7 /* SpeedViewController.swift in Sources */,
				62AEAAFE1D9C5844009382C7 /* BatteryViewController.swift in Sources */,
				62AEAAEC1D9C5752009382C7 /* AppDelegate.swift in Sources */,
			);
			runOnlyForDeploymentPostprocessing = 0;
		};
/* End PBXSourcesBuildPhase section */

/* Begin PBXVariantGroup section */
		62AEAAEF1D9C5752009382C7 /* Main.storyboard */ = {
			isa = PBXVariantGroup;
			children = (
				62AEAAF01D9C5752009382C7 /* Base */,
			);
			name = Main.storyboard;
			sourceTree = "<group>";
		};
		62AEAAF41D9C5752009382C7 /* LaunchScreen.storyboard */ = {
			isa = PBXVariantGroup;
			children = (
				62AEAAF51D9C5752009382C7 /* Base */,
			);
			name = LaunchScreen.storyboard;
			sourceTree = "<group>";
		};
/* End PBXVariantGroup section */

/* Begin XCBuildConfiguration section */
		62AEAAF81D9C5752009382C7 /* Debug */ = {
			isa = XCBuildConfiguration;
			buildSettings = {
				ALWAYS_SEARCH_USER_PATHS = NO;
				CLANG_ANALYZER_NONNULL = YES;
				CLANG_CXX_LANGUAGE_STANDARD = "gnu++0x";
				CLANG_CXX_LIBRARY = "libc++";
				CLANG_ENABLE_MODULES = YES;
				CLANG_ENABLE_OBJC_ARC = YES;
				CLANG_WARN_BOOL_CONVERSION = YES;
				CLANG_WARN_CONSTANT_CONVERSION = YES;
				CLANG_WARN_DIRECT_OBJC_ISA_USAGE = YES_ERROR;
				CLANG_WARN_DOCUMENTATION_COMMENTS = YES;
				CLANG_WARN_EMPTY_BODY = YES;
				CLANG_WARN_ENUM_CONVERSION = YES;
				CLANG_WARN_INFINITE_RECURSION = YES;
				CLANG_WARN_INT_CONVERSION = YES;
				CLANG_WARN_OBJC_ROOT_CLASS = YES_ERROR;
				CLANG_WARN_SUSPICIOUS_MOVES = YES;
				CLANG_WARN_UNREACHABLE_CODE = YES;
				CLANG_WARN__DUPLICATE_METHOD_MATCH = YES;
				"CODE_SIGN_IDENTITY[sdk=iphoneos*]" = "iPhone Developer";
				COPY_PHASE_STRIP = NO;
				DEBUG_INFORMATION_FORMAT = dwarf;
				ENABLE_STRICT_OBJC_MSGSEND = YES;
				ENABLE_TESTABILITY = YES;
				GCC_C_LANGUAGE_STANDARD = gnu99;
				GCC_DYNAMIC_NO_PIC = NO;
				GCC_NO_COMMON_BLOCKS = YES;
				GCC_OPTIMIZATION_LEVEL = 0;
				GCC_PREPROCESSOR_DEFINITIONS = (
					"DEBUG=1",
					"$(inherited)",
				);
				GCC_WARN_64_TO_32_BIT_CONVERSION = YES;
				GCC_WARN_ABOUT_RETURN_TYPE = YES_ERROR;
				GCC_WARN_UNDECLARED_SELECTOR = YES;
				GCC_WARN_UNINITIALIZED_AUTOS = YES_AGGRESSIVE;
				GCC_WARN_UNUSED_FUNCTION = YES;
				GCC_WARN_UNUSED_VARIABLE = YES;
				IPHONEOS_DEPLOYMENT_TARGET = 10.0;
				MTL_ENABLE_DEBUG_INFO = YES;
				ONLY_ACTIVE_ARCH = YES;
				SDKROOT = iphoneos;
				SWIFT_ACTIVE_COMPILATION_CONDITIONS = DEBUG;
				SWIFT_OPTIMIZATION_LEVEL = "-Onone";
			};
			name = Debug;
		};
		62AEAAF91D9C5752009382C7 /* Release */ = {
			isa = XCBuildConfiguration;
			buildSettings = {
				ALWAYS_SEARCH_USER_PATHS = NO;
				CLANG_ANALYZER_NONNULL = YES;
				CLANG_CXX_LANGUAGE_STANDARD = "gnu++0x";
				CLANG_CXX_LIBRARY = "libc++";
				CLANG_ENABLE_MODULES = YES;
				CLANG_ENABLE_OBJC_ARC = YES;
				CLANG_WARN_BOOL_CONVERSION = YES;
				CLANG_WARN_CONSTANT_CONVERSION = YES;
				CLANG_WARN_DIRECT_OBJC_ISA_USAGE = YES_ERROR;
				CLANG_WARN_DOCUMENTATION_COMMENTS = YES;
				CLANG_WARN_EMPTY_BODY = YES;
				CLANG_WARN_ENUM_CONVERSION = YES;
				CLANG_WARN_INFINITE_RECURSION = YES;
				CLANG_WARN_INT_CONVERSION = YES;
				CLANG_WARN_OBJC_ROOT_CLASS = YES_ERROR;
				CLANG_WARN_SUSPICIOUS_MOVES = YES;
				CLANG_WARN_UNREACHABLE_CODE = YES;
				CLANG_WARN__DUPLICATE_METHOD_MATCH = YES;
				"CODE_SIGN_IDENTITY[sdk=iphoneos*]" = "iPhone Developer";
				COPY_PHASE_STRIP = NO;
				DEBUG_INFORMATION_FORMAT = "dwarf-with-dsym";
				ENABLE_NS_ASSERTIONS = NO;
				ENABLE_STRICT_OBJC_MSGSEND = YES;
				GCC_C_LANGUAGE_STANDARD = gnu99;
				GCC_NO_COMMON_BLOCKS = YES;
				GCC_WARN_64_TO_32_BIT_CONVERSION = YES;
				GCC_WARN_ABOUT_RETURN_TYPE = YES_ERROR;
				GCC_WARN_UNDECLARED_SELECTOR = YES;
				GCC_WARN_UNINITIALIZED_AUTOS = YES_AGGRESSIVE;
				GCC_WARN_UNUSED_FUNCTION = YES;
				GCC_WARN_UNUSED_VARIABLE = YES;
				IPHONEOS_DEPLOYMENT_TARGET = 10.0;
				MTL_ENABLE_DEBUG_INFO = NO;
				SDKROOT = iphoneos;
				SWIFT_OPTIMIZATION_LEVEL = "-Owholemodule";
				VALIDATE_PRODUCT = YES;
			};
			name = Release;
		};
		62AEAAFB1D9C5752009382C7 /* Debug */ = {
			isa = XCBuildConfiguration;
			buildSettings = {
				ASSETCATALOG_COMPILER_APPICON_NAME = AppIcon;
				DEVELOPMENT_TEAM = AAA873G97B;
				INFOPLIST_FILE = Sensors/Info.plist;
				LD_RUNPATH_SEARCH_PATHS = "$(inherited) @executable_path/Frameworks";
				PRODUCT_BUNDLE_IDENTIFIER = net.insoc.Sensors;
				PRODUCT_NAME = "$(TARGET_NAME)";
				SWIFT_VERSION = 3.0;
			};
			name = Debug;
		};
		62AEAAFC1D9C5752009382C7 /* Release */ = {
			isa = XCBuildConfiguration;
			buildSettings = {
				ASSETCATALOG_COMPILER_APPICON_NAME = AppIcon;
				DEVELOPMENT_TEAM = AAA873G97B;
				INFOPLIST_FILE = Sensors/Info.plist;
				LD_RUNPATH_SEARCH_PATHS = "$(inherited) @executable_path/Frameworks";
				PRODUCT_BUNDLE_IDENTIFIER = net.insoc.Sensors;
				PRODUCT_NAME = "$(TARGET_NAME)";
				SWIFT_VERSION = 3.0;
			};
			name = Release;
		};
/* End XCBuildConfiguration section */

/* Begin XCConfigurationList section */
		62AEAAE31D9C5752009382C7 /* Build configuration list for PBXProject "Sensors" */ = {
			isa = XCConfigurationList;
			buildConfigurations = (
				62AEAAF81D9C5752009382C7 /* Debug */,
				62AEAAF91D9C5752009382C7 /* Release */,
			);
			defaultConfigurationIsVisible = 0;
			defaultConfigurationName = Release;
		};
		62AEAAFA1D9C5752009382C7 /* Build configuration list for PBXNativeTarget "Sensors" */ = {
			isa = XCConfigurationList;
			buildConfigurations = (
				62AEAAFB1D9C5752009382C7 /* Debug */,
				62AEAAFC1D9C5752009382C7 /* Release */,
			);
			defaultConfigurationIsVisible = 0;
		};
/* End XCConfigurationList section */
	};
	rootObject = 62AEAAE01D9C5752009382C7 /* Project object */;
}
